
Microsoft Visual Studio Solution File, Format Version 12.00
# Visual Studio Version 17
VisualStudioVersion = 17.14.36717.8 d17.14
MinimumVisualStudioVersion = 10.0.40219.1
Project("{FAE04EC0-301F-11D3-BF4B-00C04F79EFBC}") = "FoodTruck", "FoodTruck\FoodTruck.csproj", "{4B98AE97-2B79-4880-AD19-D6B503BBBC5E}"
EndProject
Global
	GlobalSection(SolutionConfigurationPlatforms) = preSolution
		Debug|Any CPU = Debug|Any CPU
		Release|Any CPU = Release|Any CPU
	EndGlobalSection
	GlobalSection(ProjectConfigurationPlatforms) = postSolution
		{4B98AE97-2B79-4880-AD19-D6B503BBBC5E}.Debug|Any CPU.ActiveCfg = Debug|Any CPU
		{4B98AE97-2B79-4880-AD19-D6B503BBBC5E}.Debug|Any CPU.Build.0 = Debug|Any CPU
		{4B98AE97-2B79-4880-AD19-D6B503BBBC5E}.Release|Any CPU.ActiveCfg = Release|Any CPU
		{4B98AE97-2B79-4880-AD19-D6B503BBBC5E}.Release|Any CPU.Build.0 = Release|Any CPU
	EndGlobalSection
	GlobalSection(SolutionProperties) = preSolution
		HideSolutionNode = FALSE
	EndGlobalSection
	GlobalSection(ExtensibilityGlobals) = postSolution
		SolutionGuid = {C992430D-D56D-4A58-899B-C21D8A7016D6}
	EndGlobalSection
EndGlobal
